
Microsoft Visual Studio Solution File, Format Version 12.00
Project("{FAE04EC0-301F-11D3-BF4B-00C04F79EFBC}") = "ZhrachkaBot.Main", "ZhrachkaBot.Main\ZhrachkaBot.Main.csproj", "{84E70A72-ED11-4354-B519-07656E28EEEE}"
EndProject
Project("{FAE04EC0-301F-11D3-BF4B-00C04F79EFBC}") = "ZhrachkaBot.Domain", "src\ZhrachkaBot.Domain\ZhrachkaBot.Domain.csproj", "{36BA8449-2F21-44D8-86AB-9A22D33694C5}"
EndProject
Project("{FAE04EC0-301F-11D3-BF4B-00C04F79EFBC}") = "ZhrachkaBot.Console", "src\ZhrachkaBot.Console\ZhrachkaBot.Console.csproj", "{BE3B37D0-FC38-4C8A-9FCB-D8F04ECA15B9}"
EndProject
Project("{FAE04EC0-301F-11D3-BF4B-00C04F79EFBC}") = "ZhrachkaBot.Abstractions", "src\ZhrachkaBot.Abstractions\ZhrachkaBot.Abstractions.csproj", "{D870D45D-7079-4B86-AAEE-980B9670B4CA}"
EndProject
Global
	GlobalSection(SolutionConfigurationPlatforms) = preSolution
		Debug|Any CPU = Debug|Any CPU
		Release|Any CPU = Release|Any CPU
	EndGlobalSection
	GlobalSection(ProjectConfigurationPlatforms) = postSolution
		{84E70A72-ED11-4354-B519-07656E28EEEE}.Debug|Any CPU.ActiveCfg = Debug|Any CPU
		{84E70A72-ED11-4354-B519-07656E28EEEE}.Debug|Any CPU.Build.0 = Debug|Any CPU
		{84E70A72-ED11-4354-B519-07656E28EEEE}.Release|Any CPU.ActiveCfg = Release|Any CPU
		{84E70A72-ED11-4354-B519-07656E28EEEE}.Release|Any CPU.Build.0 = Release|Any CPU
		{36BA8449-2F21-44D8-86AB-9A22D33694C5}.Debug|Any CPU.ActiveCfg = Debug|Any CPU
		{36BA8449-2F21-44D8-86AB-9A22D33694C5}.Debug|Any CPU.Build.0 = Debug|Any CPU
		{36BA8449-2F21-44D8-86AB-9A22D33694C5}.Release|Any CPU.ActiveCfg = Release|Any CPU
		{36BA8449-2F21-44D8-86AB-9A22D33694C5}.Release|Any CPU.Build.0 = Release|Any CPU
		{BE3B37D0-FC38-4C8A-9FCB-D8F04ECA15B9}.Debug|Any CPU.ActiveCfg = Debug|Any CPU
		{BE3B37D0-FC38-4C8A-9FCB-D8F04ECA15B9}.Debug|Any CPU.Build.0 = Debug|Any CPU
		{BE3B37D0-FC38-4C8A-9FCB-D8F04ECA15B9}.Release|Any CPU.ActiveCfg = Release|Any CPU
		{BE3B37D0-FC38-4C8A-9FCB-D8F04ECA15B9}.Release|Any CPU.Build.0 = Release|Any CPU
		{D870D45D-7079-4B86-AAEE-980B9670B4CA}.Debug|Any CPU.ActiveCfg = Debug|Any CPU
		{D870D45D-7079-4B86-AAEE-980B9670B4CA}.Debug|Any CPU.Build.0 = Debug|Any CPU
		{D870D45D-7079-4B86-AAEE-980B9670B4CA}.Release|Any CPU.ActiveCfg = Release|Any CPU
		{D870D45D-7079-4B86-AAEE-980B9670B4CA}.Release|Any CPU.Build.0 = Release|Any CPU
	EndGlobalSection
EndGlobal
